
Microsoft Visual Studio Solution File, Format Version 12.00
# Visual Studio Version 16
VisualStudioVersion = 16.0.30907.101
MinimumVisualStudioVersion = 10.0.40219.1
Project("{FAE04EC0-301F-11D3-BF4B-00C04F79EFBC}") = "CoverletHangs", "CoverletHangs\CoverletHangs.csproj", "{293BCCC7-6A8B-4D19-8658-7DEB8C9F7CC3}"
EndProject
Project("{FAE04EC0-301F-11D3-BF4B-00C04F79EFBC}") = "Core", "Core\Core.csproj", "{4E00D13A-EA81-4680-8EA5-6D5C98990E40}"
EndProject
Global
	GlobalSection(SolutionConfigurationPlatforms) = preSolution
		Debug|Any CPU = Debug|Any CPU
		Release|Any CPU = Release|Any CPU
	EndGlobalSection
	GlobalSection(ProjectConfigurationPlatforms) = postSolution
		{293BCCC7-6A8B-4D19-8658-7DEB8C9F7CC3}.Debug|Any CPU.ActiveCfg = Debug|Any CPU
		{293BCCC7-6A8B-4D19-8658-7DEB8C9F7CC3}.Debug|Any CPU.Build.0 = Debug|Any CPU
		{293BCCC7-6A8B-4D19-8658-7DEB8C9F7CC3}.Release|Any CPU.ActiveCfg = Release|Any CPU
		{293BCCC7-6A8B-4D19-8658-7DEB8C9F7CC3}.Release|Any CPU.Build.0 = Release|Any CPU
		{4E00D13A-EA81-4680-8EA5-6D5C98990E40}.Debug|Any CPU.ActiveCfg = Debug|Any CPU
		{4E00D13A-EA81-4680-8EA5-6D5C98990E40}.Debug|Any CPU.Build.0 = Debug|Any CPU
		{4E00D13A-EA81-4680-8EA5-6D5C98990E40}.Release|Any CPU.ActiveCfg = Release|Any CPU
		{4E00D13A-EA81-4680-8EA5-6D5C98990E40}.Release|Any CPU.Build.0 = Release|Any CPU
	EndGlobalSection
	GlobalSection(SolutionProperties) = preSolution
		HideSolutionNode = FALSE
	EndGlobalSection
	GlobalSection(ExtensibilityGlobals) = postSolution
		SolutionGuid = {4F0B0790-58C7-4D51-AA31-D9EACE2FC7FD}
	EndGlobalSection
EndGlobal
